
Microsoft Visual Studio Solution File, Format Version 12.00
# Visual Studio Version 17
VisualStudioVersion = 17.13.35913.81 d17.13
MinimumVisualStudioVersion = 10.0.40219.1
Project("{FAE04EC0-301F-11D3-BF4B-00C04F79EFBC}") = "prueba_soltec", "prueba_soltec\prueba_soltec.csproj", "{F56449E0-44E1-4256-9D97-3558FF6E8313}"
EndProject
Global
	GlobalSection(SolutionConfigurationPlatforms) = preSolution
		Debug|Any CPU = Debug|Any CPU
		Release|Any CPU = Release|Any CPU
	EndGlobalSection
	GlobalSection(ProjectConfigurationPlatforms) = postSolution
		{F56449E0-44E1-4256-9D97-3558FF6E8313}.Debug|Any CPU.ActiveCfg = Debug|Any CPU
		{F56449E0-44E1-4256-9D97-3558FF6E8313}.Debug|Any CPU.Build.0 = Debug|Any CPU
		{F56449E0-44E1-4256-9D97-3558FF6E8313}.Release|Any CPU.ActiveCfg = Release|Any CPU
		{F56449E0-44E1-4256-9D97-3558FF6E8313}.Release|Any CPU.Build.0 = Release|Any CPU
	EndGlobalSection
	GlobalSection(SolutionProperties) = preSolution
		HideSolutionNode = FALSE
	EndGlobalSection
	GlobalSection(ExtensibilityGlobals) = postSolution
		SolutionGuid = {16685AB8-62BD-4536-8E20-7AF820958C59}
	EndGlobalSection
EndGlobal
